
Microsoft Visual Studio Solution File, Format Version 11.00
# Visual Studio 2010
Project("{FAE04EC0-301F-11D3-BF4B-00C04F79EFBC}") = "GraphicSurface", "GraphicSurface\GraphicSurface.csproj", "{64741116-d7e2-4ef2-9fea-3a18af463c8c}"
EndProject
Global
	GlobalSection(SolutionConfigurationPlatforms) = preSolution
		Debug|Any CPU = Debug|Any CPU
		Release|Any CPU = Release|Any CPU
	EndGlobalSection
	GlobalSection(ProjectConfigurationPlatforms) = postSolution
		{64741116-D7E2-4EF2-9FEA-3A18AF463C8C}.Debug|Any CPU.ActiveCfg = Debug|Any CPU
		{64741116-D7E2-4EF2-9FEA-3A18AF463C8C}.Debug|Any CPU.Build.0 = Debug|Any CPU
		{64741116-D7E2-4EF2-9FEA-3A18AF463C8C}.Release|Any CPU.ActiveCfg = Release|Any CPU
		{64741116-D7E2-4EF2-9FEA-3A18AF463C8C}.Release|Any CPU.Build.0 = Release|Any CPU
	EndGlobalSection
EndGlobal
